<?xml version="1.0" encoding="utf-8"?>
<Project ToolsVersion="4.0" xmlns="http://schemas.microsoft.com/developer/msbuild/2003">
  <ItemGroup>
    <Filter Include="Source Files">
      <UniqueIdentifier>{4FC737F1-C7A5-4376-A066-2A32D752A2FF}</UniqueIdentifier>
      <Extensions>cpp;c;cc;cxx;c++;cppm;ixx;def;odl;idl;hpj;bat;asm;asmx</Extensions>
    </Filter>
    <Filter Include="Header Files">
      <UniqueIdentifier>{93995380-89BD-4b04-88EB-625FBE52EBFB}</UniqueIdentifier>
      <Extensions>h;hh;hpp;hxx;h++;hm;inl;inc;ipp;xsd</Extensions>
    </Filter>
    <Filter Include="Resource Files">
      <UniqueIdentifier>{67DA6AB6-F800-4c08-8B7A-83BB121AAD01}</UniqueIdentifier>
      <Extensions>rc;ico;cur;bmp;dlg;rc2;rct;bin;rgs;gif;jpg;jpeg;jpe;resx;tiff;tif;png;wav;mfcribbon-ms</Extensions>
    </Filter>
    <Filter Include="Source Files\Audio">
      <UniqueIdentifier>{1ee20e41-8a37-427b-9c12-1a7bba16b88d}</UniqueIdentifier>
    </Filter>
    <Filter Include="Source Files\Level">
      <UniqueIdentifier>{f1bde512-f960-4d90-be2b-fa73d3672c2d}</UniqueIdentifier>
    </Filter>
    <Filter Include="Source Files\Component">
      <UniqueIdentifier>{e93972a8-41a5-4885-9288-22da832d14ea}</UniqueIdentifier>
    </Filter>
    <Filter Include="Source Files\Component\BurgerComponent">
      <UniqueIdentifier>{71ac5c7f-c6da-4377-a615-ca083c8ce552}</UniqueIdentifier>
    </Filter>
    <Filter Include="Source Files\Component\PlatformComponent">
      <UniqueIdentifier>{e91ebaf3-c46c-453c-be48-d6420bdd52c3}</UniqueIdentifier>
    </Filter>
    <Filter Include="Source Files\Component\MrPepperComponent">
      <UniqueIdentifier>{745943fe-c0a9-4232-8b04-900366b8b759}</UniqueIdentifier>
    </Filter>
    <Filter Include="Source Files\Component\LadderComponent">
      <UniqueIdentifier>{36bd5072-6294-4c3a-a9a9-06b3eff88642}</UniqueIdentifier>
    </Filter>
  </ItemGroup>
  <ItemGroup>
    <ClCompile Include="BurgerTime.cpp">
      <Filter>Source Files</Filter>
    </ClCompile>
    <ClCompile Include="BurgerEngine.cpp">
      <Filter>Source Files</Filter>
    </ClCompile>
    <ClCompile Include="BurgerComponent.cpp">
      <Filter>Source Files</Filter>
    </ClCompile>
    <ClCompile Include="EnemyComponent.cpp">
      <Filter>Source Files</Filter>
    </ClCompile>
    <ClCompile Include="LivesComponent.cpp">
      <Filter>Source Files</Filter>
    </ClCompile>
    <ClCompile Include="PointsComponent.cpp">
      <Filter>Source Files</Filter>
    </ClCompile>
    <ClCompile Include="MrPepperComponent.cpp">
      <Filter>Source Files</Filter>
    </ClCompile>
    <ClCompile Include="Commands.cpp">
      <Filter>Source Files</Filter>
    </ClCompile>
    <ClCompile Include="LevelComponent.cpp">
      <Filter>Source Files</Filter>
    </ClCompile>
    <ClCompile Include="PlatformComponent.cpp">
      <Filter>Source Files\Component\PlatformComponent</Filter>
    </ClCompile>
  </ItemGroup>
  <ItemGroup>
    <ClInclude Include="BurgerEngine.h">
      <Filter>Header Files</Filter>
    </ClInclude>
    <ClInclude Include="BurgerComponent.h">
      <Filter>Header Files</Filter>
    </ClInclude>
    <ClInclude Include="EnemyComponent.h">
      <Filter>Header Files</Filter>
    </ClInclude>
    <ClInclude Include="LivesComponent.h">
      <Filter>Header Files</Filter>
    </ClInclude>
    <ClInclude Include="MrPepperComponent.h">
      <Filter>Header Files</Filter>
    </ClInclude>
    <ClInclude Include="PointsComponent.h">
      <Filter>Header Files</Filter>
    </ClInclude>
    <ClInclude Include="Commands.h">
      <Filter>Header Files</Filter>
    </ClInclude>
    <ClInclude Include="Sounds.h">
      <Filter>Source Files\Audio</Filter>
    </ClInclude>
    <ClInclude Include="LevelComponent.h">
      <Filter>Header Files</Filter>
    </ClInclude>
    <ClInclude Include="PlatformComponent.h">
      <Filter>Source Files\Component\PlatformComponent</Filter>
    </ClInclude>
  </ItemGroup>
  <ItemGroup>
    <None Include="imgui.ini" />
  </ItemGroup>
</Project>