<?xml version="1.0" encoding="utf-8"?>
<Project ToolsVersion="4.0" xmlns="http://schemas.microsoft.com/developer/msbuild/2003">
  <ItemGroup>
    <Filter Include="Source Files">
      <UniqueIdentifier>{4FC737F1-C7A5-4376-A066-2A32D752A2FF}</UniqueIdentifier>
      <Extensions>cpp;c;cc;cxx;def;odl;idl;hpj;bat;asm;asmx</Extensions>
    </Filter>
    <Filter Include="Header Files">
      <UniqueIdentifier>{93995380-89BD-4b04-88EB-625FBE52EBFB}</UniqueIdentifier>
      <Extensions>h;hh;hpp;hxx;hm;inl;inc;xsd</Extensions>
    </Filter>
    <Filter Include="Resource Files">
      <UniqueIdentifier>{67DA6AB6-F800-4c08-8B7A-83BB121AAD01}</UniqueIdentifier>
      <Extensions>rc;ico;cur;bmp;dlg;rc2;rct;bin;rgs;gif;jpg;jpeg;jpe;resx;tiff;tif;png;wav;mfcribbon-ms</Extensions>
    </Filter>
    <Filter Include="Source Files\Components">
      <UniqueIdentifier>{b2421327-397b-4d0c-98f5-c7cddbd5b8f6}</UniqueIdentifier>
    </Filter>
    <Filter Include="Source Files\Components\TextComponent">
      <UniqueIdentifier>{99b4c6dc-49c7-4339-b4de-3a2c98a2b56d}</UniqueIdentifier>
    </Filter>
    <Filter Include="Source Files\Components\RenderComponent">
      <UniqueIdentifier>{43a23b07-d167-4fe0-bba4-5a2fb4386a0d}</UniqueIdentifier>
    </Filter>
    <Filter Include="Source Files\Components\TransformComponent">
      <UniqueIdentifier>{585877b2-c053-40db-8338-b2cf5610c906}</UniqueIdentifier>
    </Filter>
    <Filter Include="Source Files\Components\FPSComponent">
      <UniqueIdentifier>{384a9e4d-b0e7-4188-967c-a4177a7bebc0}</UniqueIdentifier>
    </Filter>
    <Filter Include="Source Files\Time">
      <UniqueIdentifier>{58c47d45-9e68-42aa-a3af-866465589cea}</UniqueIdentifier>
    </Filter>
    <Filter Include="Source Files\Components\ImgGuiRenderComponent">
      <UniqueIdentifier>{e2a7da46-7d40-4f95-a7bf-c5a4ff55dce0}</UniqueIdentifier>
    </Filter>
    <Filter Include="Source Files\Components\ImgGuiRenderComponent\ImgGUIPlotComponent">
      <UniqueIdentifier>{6785b914-3922-408a-8d99-32b543245854}</UniqueIdentifier>
    </Filter>
    <Filter Include="Source Files\CacheMeasure">
      <UniqueIdentifier>{7c6fcc7a-b052-40d2-9148-4a03d92f2b30}</UniqueIdentifier>
    </Filter>
    <Filter Include="Source Files\Input">
      <UniqueIdentifier>{687745dd-2ed4-4ac0-9d14-3b6564b1e839}</UniqueIdentifier>
    </Filter>
    <Filter Include="Source Files\Input\Controllers">
      <UniqueIdentifier>{5c3267f2-7b8e-4bed-a881-a3527880972f}</UniqueIdentifier>
    </Filter>
    <Filter Include="Source Files\Input\Commands">
      <UniqueIdentifier>{816455b4-f846-4d7e-af48-e4bd67512234}</UniqueIdentifier>
    </Filter>
    <Filter Include="Source Files\Components\MrPepperComponent">
      <UniqueIdentifier>{dc42a439-7a49-41fc-8dab-2fe6dbdf596b}</UniqueIdentifier>
    </Filter>
    <Filter Include="Source Files\Observer">
      <UniqueIdentifier>{afb1276c-47ca-4c4b-9550-82b97e9a98e4}</UniqueIdentifier>
    </Filter>
    <Filter Include="Source Files\Components\LivesComponent">
      <UniqueIdentifier>{1c55a1d7-161d-4257-a5e9-a9b56f4372c8}</UniqueIdentifier>
    </Filter>
    <Filter Include="Source Files\Components\PointsComponent">
      <UniqueIdentifier>{a4db8ac9-59d5-4b6e-9870-6892547b8193}</UniqueIdentifier>
    </Filter>
    <Filter Include="Source Files\AchievmentSystem">
      <UniqueIdentifier>{e7047964-525f-4ece-8990-135aa38c1bb2}</UniqueIdentifier>
    </Filter>
    <Filter Include="Source Files\Components\BurgerComponent">
      <UniqueIdentifier>{531fc6de-e981-468e-b2ff-547e690d5868}</UniqueIdentifier>
    </Filter>
    <Filter Include="Source Files\Components\AchievementComponent">
      <UniqueIdentifier>{2fb62afe-a082-423d-8994-72281fd44a63}</UniqueIdentifier>
    </Filter>
    <Filter Include="Source Files\Components\EnemyComponent">
      <UniqueIdentifier>{621409fb-3957-45c8-aee1-91c6a554cff4}</UniqueIdentifier>
    </Filter>
    <Filter Include="Header Files\Imgui">
      <UniqueIdentifier>{0acf193c-c9de-4a91-8a50-4ff3446b8447}</UniqueIdentifier>
    </Filter>
    <Filter Include="Source Files\Imgui">
      <UniqueIdentifier>{924402db-81c6-4dcf-9018-7026e215c906}</UniqueIdentifier>
    </Filter>
    <Filter Include="Source Files\Deprecated">
      <UniqueIdentifier>{dfad0714-ffbe-42f0-af86-57e9639ca788}</UniqueIdentifier>
    </Filter>
    <Filter Include="Source Files\Scene">
      <UniqueIdentifier>{fe3ca855-98d8-4a7b-ba10-e37157b2dfa3}</UniqueIdentifier>
    </Filter>
  </ItemGroup>
  <ItemGroup>
    <ClInclude Include="MiniginPCH.h">
      <Filter>Header Files</Filter>
    </ClInclude>
    <ClInclude Include="Singleton.h">
      <Filter>Header Files</Filter>
    </ClInclude>
    <ClInclude Include="ResourceManager.h">
      <Filter>Header Files</Filter>
    </ClInclude>
    <ClInclude Include="Renderer.h">
      <Filter>Header Files</Filter>
    </ClInclude>
    <ClInclude Include="Texture2D.h">
      <Filter>Header Files</Filter>
    </ClInclude>
    <ClInclude Include="InputManager.h">
      <Filter>Header Files</Filter>
    </ClInclude>
    <ClInclude Include="GameObject.h">
      <Filter>Header Files</Filter>
    </ClInclude>
    <ClInclude Include="Transform.h">
      <Filter>Header Files</Filter>
    </ClInclude>
    <ClInclude Include="TextObject.h">
      <Filter>Header Files</Filter>
    </ClInclude>
    <ClInclude Include="SceneObject.h">
      <Filter>Header Files</Filter>
    </ClInclude>
    <ClInclude Include="Font.h">
      <Filter>Header Files</Filter>
    </ClInclude>
    <ClInclude Include="Minigin.h">
      <Filter>Header Files</Filter>
    </ClInclude>
    <ClInclude Include="BaseComponent.h">
      <Filter>Source Files\Components</Filter>
    </ClInclude>
    <ClInclude Include="TextComponent.h">
      <Filter>Source Files\Components\TextComponent</Filter>
    </ClInclude>
    <ClInclude Include="RenderComponent.h">
      <Filter>Source Files\Components\RenderComponent</Filter>
    </ClInclude>
    <ClInclude Include="TransformComponent.h">
      <Filter>Source Files\Components\TransformComponent</Filter>
    </ClInclude>
    <ClInclude Include="FPSComponent.h">
      <Filter>Source Files\Components\FPSComponent</Filter>
    </ClInclude>
    <ClInclude Include="TimeManager.h">
      <Filter>Source Files\Time</Filter>
    </ClInclude>
    <ClInclude Include="RGBColor.h">
      <Filter>Source Files</Filter>
    </ClInclude>
    <ClInclude Include="ImGuiPlotComponent.h">
      <Filter>Source Files\Components\ImgGuiRenderComponent\ImgGUIPlotComponent</Filter>
    </ClInclude>
    <ClInclude Include="CacheDataGenerator.h">
      <Filter>Source Files\CacheMeasure</Filter>
    </ClInclude>
    <ClInclude Include="ControllerButtons.h">
      <Filter>Header Files</Filter>
    </ClInclude>
    <ClInclude Include="XboxControllerImpl.h">
      <Filter>Source Files\Input\Controllers</Filter>
    </ClInclude>
    <ClInclude Include="XboxController.h">
      <Filter>Source Files\Input\Controllers</Filter>
    </ClInclude>
    <ClInclude Include="InputManager2.h">
      <Filter>Source Files\Input</Filter>
    </ClInclude>
    <ClInclude Include="Observer.h">
      <Filter>Source Files\Observer</Filter>
    </ClInclude>
    <ClInclude Include="Subject.h">
      <Filter>Source Files\Observer</Filter>
    </ClInclude>
    <ClInclude Include="Events.h">
      <Filter>Source Files\Observer</Filter>
    </ClInclude>
    <ClInclude Include="AchievementSystem.h">
      <Filter>Source Files\Components\AchievementComponent</Filter>
    </ClInclude>
    <ClInclude Include="imconfig.h">
      <Filter>Header Files\Imgui</Filter>
    </ClInclude>
    <ClInclude Include="imgui.h">
      <Filter>Header Files\Imgui</Filter>
    </ClInclude>
    <ClInclude Include="imgui_impl_opengl2.h">
      <Filter>Header Files\Imgui</Filter>
    </ClInclude>
    <ClInclude Include="imgui_impl_sdl.h">
      <Filter>Header Files\Imgui</Filter>
    </ClInclude>
    <ClInclude Include="imgui_internal.h">
      <Filter>Header Files\Imgui</Filter>
    </ClInclude>
    <ClInclude Include="imgui_plot.h">
      <Filter>Header Files\Imgui</Filter>
    </ClInclude>
    <ClInclude Include="imstb_rectpack.h">
      <Filter>Header Files\Imgui</Filter>
    </ClInclude>
    <ClInclude Include="imstb_textedit.h">
      <Filter>Header Files\Imgui</Filter>
    </ClInclude>
    <ClInclude Include="imstb_truetype.h">
      <Filter>Header Files\Imgui</Filter>
    </ClInclude>
    <ClInclude Include="ImgGuiRenderComponent.h">
      <Filter>Source Files\Components\ImgGuiRenderComponent</Filter>
    </ClInclude>
    <ClInclude Include="SceneManager.h">
      <Filter>Source Files\Scene</Filter>
    </ClInclude>
    <ClInclude Include="Scene.h">
      <Filter>Source Files\Scene</Filter>
    </ClInclude>
    <ClInclude Include="Command.h">
      <Filter>Source Files\Input\Commands</Filter>
    </ClInclude>
  </ItemGroup>
  <ItemGroup>
    <ClCompile Include="MiniginPCH.cpp">
      <Filter>Source Files</Filter>
    </ClCompile>
    <ClCompile Include="ResourceManager.cpp">
      <Filter>Source Files</Filter>
    </ClCompile>
    <ClCompile Include="Renderer.cpp">
      <Filter>Source Files</Filter>
    </ClCompile>
    <ClCompile Include="Texture2D.cpp">
      <Filter>Source Files</Filter>
    </ClCompile>
    <ClCompile Include="InputManager.cpp">
      <Filter>Source Files</Filter>
    </ClCompile>
    <ClCompile Include="GameObject.cpp">
      <Filter>Source Files</Filter>
    </ClCompile>
    <ClCompile Include="Transform.cpp">
      <Filter>Source Files</Filter>
    </ClCompile>
    <ClCompile Include="Font.cpp">
      <Filter>Source Files</Filter>
    </ClCompile>
    <ClCompile Include="Main.cpp">
      <Filter>Source Files</Filter>
    </ClCompile>
    <ClCompile Include="Minigin.cpp">
      <Filter>Source Files</Filter>
    </ClCompile>
    <ClCompile Include="BaseComponent.cpp">
      <Filter>Source Files\Components</Filter>
    </ClCompile>
    <ClCompile Include="TextComponent.cpp">
      <Filter>Source Files\Components\TextComponent</Filter>
    </ClCompile>
    <ClCompile Include="RenderComponent.cpp">
      <Filter>Source Files\Components\RenderComponent</Filter>
    </ClCompile>
    <ClCompile Include="TransformComponent.cpp">
      <Filter>Source Files\Components\TransformComponent</Filter>
    </ClCompile>
    <ClCompile Include="FPSComponent.cpp">
      <Filter>Source Files\Components\FPSComponent</Filter>
    </ClCompile>
    <ClCompile Include="TimeManager.cpp">
      <Filter>Source Files\Time</Filter>
    </ClCompile>
    <ClCompile Include="ImGuiPlotComponent.cpp">
      <Filter>Source Files\Components\ImgGuiRenderComponent\ImgGUIPlotComponent</Filter>
    </ClCompile>
    <ClCompile Include="CacheDataGenerator.cpp">
      <Filter>Source Files\CacheMeasure</Filter>
    </ClCompile>
    <ClCompile Include="XboxControllerImpl.cpp">
      <Filter>Source Files\Input\Controllers</Filter>
    </ClCompile>
    <ClCompile Include="XboxController.cpp">
      <Filter>Source Files\Input\Controllers</Filter>
    </ClCompile>
    <ClCompile Include="InputManager2.cpp">
      <Filter>Source Files\Input</Filter>
    </ClCompile>
    <ClCompile Include="Observer.cpp">
      <Filter>Source Files\Observer</Filter>
    </ClCompile>
    <ClCompile Include="Subject.cpp">
      <Filter>Source Files\Observer</Filter>
    </ClCompile>
    <ClCompile Include="AchievementSystem.cpp">
      <Filter>Source Files\Components\AchievementComponent</Filter>
    </ClCompile>
    <ClCompile Include="imgui_widgets.cpp">
      <Filter>Source Files\Imgui</Filter>
    </ClCompile>
    <ClCompile Include="imgui_tables.cpp">
      <Filter>Source Files\Imgui</Filter>
    </ClCompile>
    <ClCompile Include="imgui_plot.cpp">
      <Filter>Source Files\Imgui</Filter>
    </ClCompile>
    <ClCompile Include="imgui_impl_sdl.cpp">
      <Filter>Source Files\Imgui</Filter>
    </ClCompile>
    <ClCompile Include="imgui_impl_opengl2.cpp">
      <Filter>Source Files\Imgui</Filter>
    </ClCompile>
    <ClCompile Include="imgui_draw.cpp">
      <Filter>Source Files\Imgui</Filter>
    </ClCompile>
    <ClCompile Include="imgui_demo.cpp">
      <Filter>Source Files\Imgui</Filter>
    </ClCompile>
    <ClCompile Include="imgui.cpp">
      <Filter>Source Files\Imgui</Filter>
    </ClCompile>
    <ClCompile Include="ImgGuiRenderComponent.cpp">
      <Filter>Source Files\Components\ImgGuiRenderComponent</Filter>
    </ClCompile>
    <ClCompile Include="TextObject.cpp">
      <Filter>Source Files\Deprecated</Filter>
    </ClCompile>
    <ClCompile Include="Scene.cpp">
      <Filter>Source Files\Scene</Filter>
    </ClCompile>
    <ClCompile Include="SceneManager.cpp">
      <Filter>Source Files\Scene</Filter>
    </ClCompile>
    <ClCompile Include="Command.cpp">
      <Filter>Source Files\Input\Commands</Filter>
    </ClCompile>
  </ItemGroup>
</Project>